{
  "name": "ci",
  "version": "1.0.0",
  "lockfileVersion": 1,
  "requires": true,
  "dependencies": {
    "rkst": {
      "version": "1.0.6",
      "resolved": "http://172.16.203.10:8081/repository/npm-group-firmus/rkst/-/rkst-1.0.6.tgz",
      "integrity": "sha512-L0+REiqviCx7gsh8+UdB971nlLctVVbu393eSntQXZ1wOQp3wWreNNyh/iIYS+ia3YMmjqUMTUKHY+A3lQbfqA=="
    }
  }
}
